
Microsoft Visual Studio Solution File, Format Version 12.00
# Visual Studio Version 16
VisualStudioVersion = 16.0.31729.503
MinimumVisualStudioVersion = 10.0.40219.1
Project("{9A19103F-16F7-4668-BE54-9A1E7A4F7556}") = "a_la_Express_Shop", "a_la_Express_Shop\a_la_Express_Shop.csproj", "{B801B638-3AC9-42A8-BAA9-41843EDA016A}"
EndProject
Project("{FAE04EC0-301F-11D3-BF4B-00C04F79EFBC}") = "a_la_Express_ShopTests", "a_la_Express_ShopTests\a_la_Express_ShopTests.csproj", "{7BC16433-76A4-4FF4-BFF9-58629B953C1A}"
EndProject
Global
	GlobalSection(SolutionConfigurationPlatforms) = preSolution
		Debug|Any CPU = Debug|Any CPU
		Release|Any CPU = Release|Any CPU
	EndGlobalSection
	GlobalSection(ProjectConfigurationPlatforms) = postSolution
		{B801B638-3AC9-42A8-BAA9-41843EDA016A}.Debug|Any CPU.ActiveCfg = Debug|Any CPU
		{B801B638-3AC9-42A8-BAA9-41843EDA016A}.Debug|Any CPU.Build.0 = Debug|Any CPU
		{B801B638-3AC9-42A8-BAA9-41843EDA016A}.Release|Any CPU.ActiveCfg = Release|Any CPU
		{B801B638-3AC9-42A8-BAA9-41843EDA016A}.Release|Any CPU.Build.0 = Release|Any CPU
		{7BC16433-76A4-4FF4-BFF9-58629B953C1A}.Debug|Any CPU.ActiveCfg = Debug|Any CPU
		{7BC16433-76A4-4FF4-BFF9-58629B953C1A}.Debug|Any CPU.Build.0 = Debug|Any CPU
		{7BC16433-76A4-4FF4-BFF9-58629B953C1A}.Release|Any CPU.ActiveCfg = Release|Any CPU
		{7BC16433-76A4-4FF4-BFF9-58629B953C1A}.Release|Any CPU.Build.0 = Release|Any CPU
	EndGlobalSection
	GlobalSection(SolutionProperties) = preSolution
		HideSolutionNode = FALSE
	EndGlobalSection
	GlobalSection(ExtensibilityGlobals) = postSolution
		SolutionGuid = {DD34B72C-E6DF-4F65-8043-20221D7E304A}
	EndGlobalSection
EndGlobal
